// !$*UTF8*$!
{
	archiveVersion = 1;
	classes = {
	};
	objectVersion = 50;
	objects = {

/* Begin PBXBuildFile section */
		0429C1FE224715FF006B47BD /* ItemImageCell.swift in Sources */ = {isa = PBXBuildFile; fileRef = 0429C1FC224715FF006B47BD /* ItemImageCell.swift */; };
		042FBEF8222CB17700A3569C /* Assets.xcassets in Resources */ = {isa = PBXBuildFile; fileRef = 042FBEF7222CB17700A3569C /* Assets.xcassets */; };
		042FBEFB222CB17700A3569C /* LaunchScreen.storyboard in Resources */ = {isa = PBXBuildFile; fileRef = 042FBEF9222CB17700A3569C /* LaunchScreen.storyboard */; };
		042FBF06222CB17700A3569C /* CardTests.swift in Sources */ = {isa = PBXBuildFile; fileRef = 042FBF05222CB17700A3569C /* CardTests.swift */; };
		046B3DF4223320F800759527 /* ListCard.swift in Sources */ = {isa = PBXBuildFile; fileRef = 046B3DF0223320F800759527 /* ListCard.swift */; };
		046B3DF5223320F800759527 /* ListCardRowViewModel.swift in Sources */ = {isa = PBXBuildFile; fileRef = 046B3DF1223320F800759527 /* ListCardRowViewModel.swift */; };
		046B3DF6223320F800759527 /* ListCardRow.swift in Sources */ = {isa = PBXBuildFile; fileRef = 046B3DF2223320F800759527 /* ListCardRow.swift */; };
		046B3DF7223320F800759527 /* ListCardViewModel.swift in Sources */ = {isa = PBXBuildFile; fileRef = 046B3DF3223320F800759527 /* ListCardViewModel.swift */; };
		046B3DFB2233249E00759527 /* UITableViewExtensions.swift in Sources */ = {isa = PBXBuildFile; fileRef = 046B3DF92233249E00759527 /* UITableViewExtensions.swift */; };
		046B3DFC2233249E00759527 /* UIViewExtension.swift in Sources */ = {isa = PBXBuildFile; fileRef = 046B3DFA2233249E00759527 /* UIViewExtension.swift */; };
		04D5CC4F2234279800EEF090 /* Photo+Item.swift in Sources */ = {isa = PBXBuildFile; fileRef = 04D5CC4E2234279800EEF090 /* Photo+Item.swift */; };
		04D96668222D6C6700BFC87A /* ListViewModel.swift in Sources */ = {isa = PBXBuildFile; fileRef = 04D9665A222D6C6700BFC87A /* ListViewModel.swift */; };
		04D96669222D6C6700BFC87A /* Collection.swift in Sources */ = {isa = PBXBuildFile; fileRef = 04D9665C222D6C6700BFC87A /* Collection.swift */; };
		04D9666B222D6C6700BFC87A /* Photos.swift in Sources */ = {isa = PBXBuildFile; fileRef = 04D9665E222D6C6700BFC87A /* Photos.swift */; };
		04D96670222D6C6700BFC87A /* GalleryService.swift in Sources */ = {isa = PBXBuildFile; fileRef = 04D96665222D6C6700BFC87A /* GalleryService.swift */; };
		04D96671222D6C6800BFC87A /* CollectionViewController.swift in Sources */ = {isa = PBXBuildFile; fileRef = 04D96667222D6C6700BFC87A /* CollectionViewController.swift */; };
		04D96673222D6C7A00BFC87A /* AppDelegate.swift in Sources */ = {isa = PBXBuildFile; fileRef = 04D96672222D6C7A00BFC87A /* AppDelegate.swift */; };
		04D96687222D6DE600BFC87A /* Item.swift in Sources */ = {isa = PBXBuildFile; fileRef = 04D9667F222D6DE600BFC87A /* Item.swift */; };
		04D96688222D6DE600BFC87A /* DescriptionLabel.swift in Sources */ = {isa = PBXBuildFile; fileRef = 04D96680222D6DE600BFC87A /* DescriptionLabel.swift */; };
		04D9668A222D6DE600BFC87A /* TitleLabel.swift in Sources */ = {isa = PBXBuildFile; fileRef = 04D96682222D6DE600BFC87A /* TitleLabel.swift */; };
		04D9668B222D6DE600BFC87A /* Tappable.swift in Sources */ = {isa = PBXBuildFile; fileRef = 04D96683222D6DE600BFC87A /* Tappable.swift */; };
		04D9668C222D6DE600BFC87A /* ItemView.swift in Sources */ = {isa = PBXBuildFile; fileRef = 04D96684222D6DE600BFC87A /* ItemView.swift */; };
		04D9668D222D6DE600BFC87A /* ItemImageView.swift in Sources */ = {isa = PBXBuildFile; fileRef = 04D96685222D6DE600BFC87A /* ItemImageView.swift */; };
		04D96695222D78D000BFC87A /* ImageCard.swift in Sources */ = {isa = PBXBuildFile; fileRef = 04D96694222D78D000BFC87A /* ImageCard.swift */; };
		E43CE64A2522197A00408E8D /* Service.swift in Sources */ = {isa = PBXBuildFile; fileRef = E43CE6492522197A00408E8D /* Service.swift */; };
		E43CE65825221F8600408E8D /* List.swift in Sources */ = {isa = PBXBuildFile; fileRef = E43CE65725221F8600408E8D /* List.swift */; };
/* End PBXBuildFile section */

/* Begin PBXContainerItemProxy section */
		042FBF02222CB17700A3569C /* PBXContainerItemProxy */ = {
			isa = PBXContainerItemProxy;
			containerPortal = 042FBEE5222CB17600A3569C /* Project object */;
			proxyType = 1;
			remoteGlobalIDString = 042FBEEC222CB17600A3569C;
			remoteInfo = Card;
		};
/* End PBXContainerItemProxy section */

/* Begin PBXFileReference section */
		0429C1FC224715FF006B47BD /* ItemImageCell.swift */ = {isa = PBXFileReference; fileEncoding = 4; lastKnownFileType = sourcecode.swift; path = ItemImageCell.swift; sourceTree = "<group>"; };
		042FBEED222CB17600A3569C /* Card.app */ = {isa = PBXFileReference; explicitFileType = wrapper.application; includeInIndex = 0; path = Card.app; sourceTree = BUILT_PRODUCTS_DIR; };
		042FBEF7222CB17700A3569C /* Assets.xcassets */ = {isa = PBXFileReference; lastKnownFileType = folder.assetcatalog; path = Assets.xcassets; sourceTree = "<group>"; };
		042FBEFA222CB17700A3569C /* Base */ = {isa = PBXFileReference; lastKnownFileType = file.storyboard; name = Base; path = Base.lproj/LaunchScreen.storyboard; sourceTree = "<group>"; };
		042FBEFC222CB17700A3569C /* Info.plist */ = {isa = PBXFileReference; lastKnownFileType = text.plist.xml; path = Info.plist; sourceTree = "<group>"; };
		042FBF01222CB17700A3569C /* CardTests.xctest */ = {isa = PBXFileReference; explicitFileType = wrapper.cfbundle; includeInIndex = 0; path = CardTests.xctest; sourceTree = BUILT_PRODUCTS_DIR; };
		042FBF05222CB17700A3569C /* CardTests.swift */ = {isa = PBXFileReference; lastKnownFileType = sourcecode.swift; path = CardTests.swift; sourceTree = "<group>"; };
		042FBF07222CB17700A3569C /* Info.plist */ = {isa = PBXFileReference; lastKnownFileType = text.plist.xml; path = Info.plist; sourceTree = "<group>"; };
		046B3DF0223320F800759527 /* ListCard.swift */ = {isa = PBXFileReference; fileEncoding = 4; lastKnownFileType = sourcecode.swift; path = ListCard.swift; sourceTree = "<group>"; };
		046B3DF1223320F800759527 /* ListCardRowViewModel.swift */ = {isa = PBXFileReference; fileEncoding = 4; lastKnownFileType = sourcecode.swift; path = ListCardRowViewModel.swift; sourceTree = "<group>"; };
		046B3DF2223320F800759527 /* ListCardRow.swift */ = {isa = PBXFileReference; fileEncoding = 4; lastKnownFileType = sourcecode.swift; path = ListCardRow.swift; sourceTree = "<group>"; };
		046B3DF3223320F800759527 /* ListCardViewModel.swift */ = {isa = PBXFileReference; fileEncoding = 4; lastKnownFileType = sourcecode.swift; path = ListCardViewModel.swift; sourceTree = "<group>"; };
		046B3DF92233249E00759527 /* UITableViewExtensions.swift */ = {isa = PBXFileReference; fileEncoding = 4; lastKnownFileType = sourcecode.swift; path = UITableViewExtensions.swift; sourceTree = "<group>"; };
		046B3DFA2233249E00759527 /* UIViewExtension.swift */ = {isa = PBXFileReference; fileEncoding = 4; lastKnownFileType = sourcecode.swift; path = UIViewExtension.swift; sourceTree = "<group>"; };
		04D5CC4E2234279800EEF090 /* Photo+Item.swift */ = {isa = PBXFileReference; lastKnownFileType = sourcecode.swift; path = "Photo+Item.swift"; sourceTree = "<group>"; };
		04D9665A222D6C6700BFC87A /* ListViewModel.swift */ = {isa = PBXFileReference; fileEncoding = 4; lastKnownFileType = sourcecode.swift; path = ListViewModel.swift; sourceTree = "<group>"; };
		04D9665C222D6C6700BFC87A /* Collection.swift */ = {isa = PBXFileReference; fileEncoding = 4; lastKnownFileType = sourcecode.swift; path = Collection.swift; sourceTree = "<group>"; };
		04D9665E222D6C6700BFC87A /* Photos.swift */ = {isa = PBXFileReference; fileEncoding = 4; lastKnownFileType = sourcecode.swift; path = Photos.swift; sourceTree = "<group>"; };
		04D96665222D6C6700BFC87A /* GalleryService.swift */ = {isa = PBXFileReference; fileEncoding = 4; lastKnownFileType = sourcecode.swift; path = GalleryService.swift; sourceTree = "<group>"; };
		04D96667222D6C6700BFC87A /* CollectionViewController.swift */ = {isa = PBXFileReference; fileEncoding = 4; lastKnownFileType = sourcecode.swift; path = CollectionViewController.swift; sourceTree = "<group>"; };
		04D96672222D6C7A00BFC87A /* AppDelegate.swift */ = {isa = PBXFileReference; fileEncoding = 4; lastKnownFileType = sourcecode.swift; path = AppDelegate.swift; sourceTree = "<group>"; };
		04D9667F222D6DE600BFC87A /* Item.swift */ = {isa = PBXFileReference; fileEncoding = 4; lastKnownFileType = sourcecode.swift; path = Item.swift; sourceTree = "<group>"; };
		04D96680222D6DE600BFC87A /* DescriptionLabel.swift */ = {isa = PBXFileReference; fileEncoding = 4; lastKnownFileType = sourcecode.swift; path = DescriptionLabel.swift; sourceTree = "<group>"; };
		04D96682222D6DE600BFC87A /* TitleLabel.swift */ = {isa = PBXFileReference; fileEncoding = 4; lastKnownFileType = sourcecode.swift; path = TitleLabel.swift; sourceTree = "<group>"; };
		04D96683222D6DE600BFC87A /* Tappable.swift */ = {isa = PBXFileReference; fileEncoding = 4; lastKnownFileType = sourcecode.swift; path = Tappable.swift; sourceTree = "<group>"; };
		04D96684222D6DE600BFC87A /* ItemView.swift */ = {isa = PBXFileReference; fileEncoding = 4; lastKnownFileType = sourcecode.swift; path = ItemView.swift; sourceTree = "<group>"; };
		04D96685222D6DE600BFC87A /* ItemImageView.swift */ = {isa = PBXFileReference; fileEncoding = 4; lastKnownFileType = sourcecode.swift; path = ItemImageView.swift; sourceTree = "<group>"; };
		04D96694222D78D000BFC87A /* ImageCard.swift */ = {isa = PBXFileReference; fileEncoding = 4; lastKnownFileType = sourcecode.swift; path = ImageCard.swift; sourceTree = "<group>"; };
		E43CE6492522197A00408E8D /* Service.swift */ = {isa = PBXFileReference; lastKnownFileType = sourcecode.swift; path = Service.swift; sourceTree = "<group>"; };
		E43CE65725221F8600408E8D /* List.swift */ = {isa = PBXFileReference; lastKnownFileType = sourcecode.swift; path = List.swift; sourceTree = "<group>"; };
/* End PBXFileReference section */

/* Begin PBXFrameworksBuildPhase section */
		042FBEEA222CB17600A3569C /* Frameworks */ = {
			isa = PBXFrameworksBuildPhase;
			buildActionMask = 2147483647;
			files = (
			);
			runOnlyForDeploymentPostprocessing = 0;
		};
		042FBEFE222CB17700A3569C /* Frameworks */ = {
			isa = PBXFrameworksBuildPhase;
			buildActionMask = 2147483647;
			files = (
			);
			runOnlyForDeploymentPostprocessing = 0;
		};
/* End PBXFrameworksBuildPhase section */

/* Begin PBXGroup section */
		042FBEE4222CB17600A3569C = {
			isa = PBXGroup;
			children = (
				042FBEEF222CB17600A3569C /* Card */,
				042FBF04222CB17700A3569C /* CardTests */,
				042FBEEE222CB17600A3569C /* Products */,
			);
			sourceTree = "<group>";
		};
		042FBEEE222CB17600A3569C /* Products */ = {
			isa = PBXGroup;
			children = (
				042FBEED222CB17600A3569C /* Card.app */,
				042FBF01222CB17700A3569C /* CardTests.xctest */,
			);
			name = Products;
			sourceTree = "<group>";
		};
		042FBEEF222CB17600A3569C /* Card */ = {
			isa = PBXGroup;
			children = (
				04D96674222D6D2500BFC87A /* Card */,
				04D96658222D6C6700BFC87A /* Example */,
				042FBEF7222CB17700A3569C /* Assets.xcassets */,
				042FBEF9222CB17700A3569C /* LaunchScreen.storyboard */,
				042FBEFC222CB17700A3569C /* Info.plist */,
			);
			path = Card;
			sourceTree = "<group>";
		};
		042FBF04222CB17700A3569C /* CardTests */ = {
			isa = PBXGroup;
			children = (
				042FBF05222CB17700A3569C /* CardTests.swift */,
				042FBF07222CB17700A3569C /* Info.plist */,
			);
			path = CardTests;
			sourceTree = "<group>";
		};
		046B3DEF223320F800759527 /* ListCard */ = {
			isa = PBXGroup;
			children = (
				046B3DF0223320F800759527 /* ListCard.swift */,
				046B3DF1223320F800759527 /* ListCardRowViewModel.swift */,
				046B3DF2223320F800759527 /* ListCardRow.swift */,
				046B3DF3223320F800759527 /* ListCardViewModel.swift */,
			);
			path = ListCard;
			sourceTree = "<group>";
		};
		046B3DF82233249E00759527 /* Extensions */ = {
			isa = PBXGroup;
			children = (
				046B3DF92233249E00759527 /* UITableViewExtensions.swift */,
				046B3DFA2233249E00759527 /* UIViewExtension.swift */,
			);
			path = Extensions;
			sourceTree = "<group>";
		};
		04D96658222D6C6700BFC87A /* Example */ = {
			isa = PBXGroup;
			children = (
				04D96672222D6C7A00BFC87A /* AppDelegate.swift */,
				0429C1FC224715FF006B47BD /* ItemImageCell.swift */,
				04D96667222D6C6700BFC87A /* CollectionViewController.swift */,
				04D9665A222D6C6700BFC87A /* ListViewModel.swift */,
				E43CE6492522197A00408E8D /* Service.swift */,
				04D9665B222D6C6700BFC87A /* Model */,
				04D96664222D6C6700BFC87A /* Service */,
			);
			path = Example;
			sourceTree = "<group>";
		};
		04D9665B222D6C6700BFC87A /* Model */ = {
			isa = PBXGroup;
			children = (
				04D9665C222D6C6700BFC87A /* Collection.swift */,
				04D9665E222D6C6700BFC87A /* Photos.swift */,
				04D5CC4E2234279800EEF090 /* Photo+Item.swift */,
			);
			path = Model;
			sourceTree = "<group>";
		};
		04D96664222D6C6700BFC87A /* Service */ = {
			isa = PBXGroup;
			children = (
				04D96665222D6C6700BFC87A /* GalleryService.swift */,
			);
			path = Service;
			sourceTree = "<group>";
		};
		04D96674222D6D2500BFC87A /* Card */ = {
			isa = PBXGroup;
			children = (
				046B3DF82233249E00759527 /* Extensions */,
				046B3DEF223320F800759527 /* ListCard */,
				04D96693222D78D000BFC87A /* ImageCard */,
				04D9667E222D6DE600BFC87A /* Shared */,
			);
			path = Card;
			sourceTree = "<group>";
		};
		04D9667E222D6DE600BFC87A /* Shared */ = {
			isa = PBXGroup;
			children = (
				04D9667F222D6DE600BFC87A /* Item.swift */,
				E43CE65725221F8600408E8D /* List.swift */,
				04D96680222D6DE600BFC87A /* DescriptionLabel.swift */,
				04D96682222D6DE600BFC87A /* TitleLabel.swift */,
				04D96683222D6DE600BFC87A /* Tappable.swift */,
				04D96684222D6DE600BFC87A /* ItemView.swift */,
				04D96685222D6DE600BFC87A /* ItemImageView.swift */,
			);
			path = Shared;
			sourceTree = "<group>";
		};
		04D96693222D78D000BFC87A /* ImageCard */ = {
			isa = PBXGroup;
			children = (
				04D96694222D78D000BFC87A /* ImageCard.swift */,
			);
			path = ImageCard;
			sourceTree = "<group>";
		};
/* End PBXGroup section */

/* Begin PBXNativeTarget section */
		042FBEEC222CB17600A3569C /* Card */ = {
			isa = PBXNativeTarget;
			buildConfigurationList = 042FBF0A222CB17700A3569C /* Build configuration list for PBXNativeTarget "Card" */;
			buildPhases = (
				042FBEE9222CB17600A3569C /* Sources */,
				042FBEEA222CB17600A3569C /* Frameworks */,
				042FBEEB222CB17600A3569C /* Resources */,
			);
			buildRules = (
			);
			dependencies = (
			);
			name = Card;
			productName = Card;
			productReference = 042FBEED222CB17600A3569C /* Card.app */;
			productType = "com.apple.product-type.application";
		};
		042FBF00222CB17700A3569C /* CardTests */ = {
			isa = PBXNativeTarget;
			buildConfigurationList = 042FBF0D222CB17700A3569C /* Build configuration list for PBXNativeTarget "CardTests" */;
			buildPhases = (
				042FBEFD222CB17700A3569C /* Sources */,
				042FBEFE222CB17700A3569C /* Frameworks */,
				042FBEFF222CB17700A3569C /* Resources */,
			);
			buildRules = (
			);
			dependencies = (
				042FBF03222CB17700A3569C /* PBXTargetDependency */,
			);
			name = CardTests;
			productName = CardTests;
			productReference = 042FBF01222CB17700A3569C /* CardTests.xctest */;
			productType = "com.apple.product-type.bundle.unit-test";
		};
/* End PBXNativeTarget section */

/* Begin PBXProject section */
		042FBEE5222CB17600A3569C /* Project object */ = {
			isa = PBXProject;
			attributes = {
				LastSwiftUpdateCheck = 1010;
				LastUpgradeCheck = 1200;
				ORGANIZATIONNAME = "Wei-Lun Su";
				TargetAttributes = {
					042FBEEC222CB17600A3569C = {
						CreatedOnToolsVersion = 10.1;
						LastSwiftMigration = 1200;
					};
					042FBF00222CB17700A3569C = {
						CreatedOnToolsVersion = 10.1;
						LastSwiftMigration = 1200;
						TestTargetID = 042FBEEC222CB17600A3569C;
					};
				};
			};
			buildConfigurationList = 042FBEE8222CB17600A3569C /* Build configuration list for PBXProject "Card" */;
			compatibilityVersion = "Xcode 9.3";
			developmentRegion = en;
			hasScannedForEncodings = 0;
			knownRegions = (
				en,
				Base,
			);
			mainGroup = 042FBEE4222CB17600A3569C;
			productRefGroup = 042FBEEE222CB17600A3569C /* Products */;
			projectDirPath = "";
			projectRoot = "";
			targets = (
				042FBEEC222CB17600A3569C /* Card */,
				042FBF00222CB17700A3569C /* CardTests */,
			);
		};
/* End PBXProject section */

/* Begin PBXResourcesBuildPhase section */
		042FBEEB222CB17600A3569C /* Resources */ = {
			isa = PBXResourcesBuildPhase;
			buildActionMask = 2147483647;
			files = (
				042FBEFB222CB17700A3569C /* LaunchScreen.storyboard in Resources */,
				042FBEF8222CB17700A3569C /* Assets.xcassets in Resources */,
			);
			runOnlyForDeploymentPostprocessing = 0;
		};
		042FBEFF222CB17700A3569C /* Resources */ = {
			isa = PBXResourcesBuildPhase;
			buildActionMask = 2147483647;
			files = (
			);
			runOnlyForDeploymentPostprocessing = 0;
		};
/* End PBXResourcesBuildPhase section */

/* Begin PBXSourcesBuildPhase section */
		042FBEE9222CB17600A3569C /* Sources */ = {
			isa = PBXSourcesBuildPhase;
			buildActionMask = 2147483647;
			files = (
				04D5CC4F2234279800EEF090 /* Photo+Item.swift in Sources */,
				046B3DFC2233249E00759527 /* UIViewExtension.swift in Sources */,
				046B3DFB2233249E00759527 /* UITableViewExtensions.swift in Sources */,
				04D96687222D6DE600BFC87A /* Item.swift in Sources */,
				04D96673222D6C7A00BFC87A /* AppDelegate.swift in Sources */,
				04D96671222D6C6800BFC87A /* CollectionViewController.swift in Sources */,
				04D96688222D6DE600BFC87A /* DescriptionLabel.swift in Sources */,
				04D96695222D78D000BFC87A /* ImageCard.swift in Sources */,
				046B3DF7223320F800759527 /* ListCardViewModel.swift in Sources */,
				046B3DF4223320F800759527 /* ListCard.swift in Sources */,
				046B3DF5223320F800759527 /* ListCardRowViewModel.swift in Sources */,
				04D9668C222D6DE600BFC87A /* ItemView.swift in Sources */,
				04D96670222D6C6700BFC87A /* GalleryService.swift in Sources */,
				E43CE65825221F8600408E8D /* List.swift in Sources */,
				04D96669222D6C6700BFC87A /* Collection.swift in Sources */,
				04D9668B222D6DE600BFC87A /* Tappable.swift in Sources */,
				046B3DF6223320F800759527 /* ListCardRow.swift in Sources */,
				E43CE64A2522197A00408E8D /* Service.swift in Sources */,
				04D9668D222D6DE600BFC87A /* ItemImageView.swift in Sources */,
				04D9668A222D6DE600BFC87A /* TitleLabel.swift in Sources */,
				04D9666B222D6C6700BFC87A /* Photos.swift in Sources */,
				0429C1FE224715FF006B47BD /* ItemImageCell.swift in Sources */,
				04D96668222D6C6700BFC87A /* ListViewModel.swift in Sources */,
			);
			runOnlyForDeploymentPostprocessing = 0;
		};
		042FBEFD222CB17700A3569C /* Sources */ = {
			isa = PBXSourcesBuildPhase;
			buildActionMask = 2147483647;
			files = (
				042FBF06222CB17700A3569C /* CardTests.swift in Sources */,
			);
			runOnlyForDeploymentPostprocessing = 0;
		};
/* End PBXSourcesBuildPhase section */

/* Begin PBXTargetDependency section */
		042FBF03222CB17700A3569C /* PBXTargetDependency */ = {
			isa = PBXTargetDependency;
			target = 042FBEEC222CB17600A3569C /* Card */;
			targetProxy = 042FBF02222CB17700A3569C /* PBXContainerItemProxy */;
		};
/* End PBXTargetDependency section */

/* Begin PBXVariantGroup section */
		042FBEF9222CB17700A3569C /* LaunchScreen.storyboard */ = {
			isa = PBXVariantGroup;
			children = (
				042FBEFA222CB17700A3569C /* Base */,
			);
			name = LaunchScreen.storyboard;
			sourceTree = "<group>";
		};
/* End PBXVariantGroup section */

/* Begin XCBuildConfiguration section */
		042FBF08222CB17700A3569C /* Debug */ = {
			isa = XCBuildConfiguration;
			buildSettings = {
				ALWAYS_SEARCH_USER_PATHS = NO;
				CLANG_ANALYZER_NONNULL = YES;
				CLANG_ANALYZER_NUMBER_OBJECT_CONVERSION = YES_AGGRESSIVE;
				CLANG_CXX_LANGUAGE_STANDARD = "gnu++14";
				CLANG_CXX_LIBRARY = "libc++";
				CLANG_ENABLE_MODULES = YES;
				CLANG_ENABLE_OBJC_ARC = YES;
				CLANG_ENABLE_OBJC_WEAK = YES;
				CLANG_WARN_BLOCK_CAPTURE_AUTORELEASING = YES;
				CLANG_WARN_BOOL_CONVERSION = YES;
				CLANG_WARN_COMMA = YES;
				CLANG_WARN_CONSTANT_CONVERSION = YES;
				CLANG_WARN_DEPRECATED_OBJC_IMPLEMENTATIONS = YES;
				CLANG_WARN_DIRECT_OBJC_ISA_USAGE = YES_ERROR;
				CLANG_WARN_DOCUMENTATION_COMMENTS = YES;
				CLANG_WARN_EMPTY_BODY = YES;
				CLANG_WARN_ENUM_CONVERSION = YES;
				CLANG_WARN_INFINITE_RECURSION = YES;
				CLANG_WARN_INT_CONVERSION = YES;
				CLANG_WARN_NON_LITERAL_NULL_CONVERSION = YES;
				CLANG_WARN_OBJC_IMPLICIT_RETAIN_SELF = YES;
				CLANG_WARN_OBJC_LITERAL_CONVERSION = YES;
				CLANG_WARN_OBJC_ROOT_CLASS = YES_ERROR;
				CLANG_WARN_QUOTED_INCLUDE_IN_FRAMEWORK_HEADER = YES;
				CLANG_WARN_RANGE_LOOP_ANALYSIS = YES;
				CLANG_WARN_STRICT_PROTOTYPES = YES;
				CLANG_WARN_SUSPICIOUS_MOVE = YES;
				CLANG_WARN_UNGUARDED_AVAILABILITY = YES_AGGRESSIVE;
				CLANG_WARN_UNREACHABLE_CODE = YES;
				CLANG_WARN__DUPLICATE_METHOD_MATCH = YES;
				CODE_SIGN_IDENTITY = "iPhone Developer";
				COPY_PHASE_STRIP = NO;
				DEBUG_INFORMATION_FORMAT = dwarf;
				ENABLE_STRICT_OBJC_MSGSEND = YES;
				ENABLE_TESTABILITY = YES;
				GCC_C_LANGUAGE_STANDARD = gnu11;
				GCC_DYNAMIC_NO_PIC = NO;
				GCC_NO_COMMON_BLOCKS = YES;
				GCC_OPTIMIZATION_LEVEL = 0;
				GCC_PREPROCESSOR_DEFINITIONS = (
					"DEBUG=1",
					"$(inherited)",
				);
				GCC_WARN_64_TO_32_BIT_CONVERSION = YES;
				GCC_WARN_ABOUT_RETURN_TYPE = YES_ERROR;
				GCC_WARN_UNDECLARED_SELECTOR = YES;
				GCC_WARN_UNINITIALIZED_AUTOS = YES_AGGRESSIVE;
				GCC_WARN_UNUSED_FUNCTION = YES;
				GCC_WARN_UNUSED_VARIABLE = YES;
				IPHONEOS_DEPLOYMENT_TARGET = 13.0;
				MTL_ENABLE_DEBUG_INFO = INCLUDE_SOURCE;
				MTL_FAST_MATH = YES;
				ONLY_ACTIVE_ARCH = YES;
				SDKROOT = iphoneos;
				SWIFT_ACTIVE_COMPILATION_CONDITIONS = DEBUG;
				SWIFT_OPTIMIZATION_LEVEL = "-Onone";
			};
			name = Debug;
		};
		042FBF09222CB17700A3569C /* Release */ = {
			isa = XCBuildConfiguration;
			buildSettings = {
				ALWAYS_SEARCH_USER_PATHS = NO;
				CLANG_ANALYZER_NONNULL = YES;
				CLANG_ANALYZER_NUMBER_OBJECT_CONVERSION = YES_AGGRESSIVE;
				CLANG_CXX_LANGUAGE_STANDARD = "gnu++14";
				CLANG_CXX_LIBRARY = "libc++";
				CLANG_ENABLE_MODULES = YES;
				CLANG_ENABLE_OBJC_ARC = YES;
				CLANG_ENABLE_OBJC_WEAK = YES;
				CLANG_WARN_BLOCK_CAPTURE_AUTORELEASING = YES;
				CLANG_WARN_BOOL_CONVERSION = YES;
				CLANG_WARN_COMMA = YES;
				CLANG_WARN_CONSTANT_CONVERSION = YES;
				CLANG_WARN_DEPRECATED_OBJC_IMPLEMENTATIONS = YES;
				CLANG_WARN_DIRECT_OBJC_ISA_USAGE = YES_ERROR;
				CLANG_WARN_DOCUMENTATION_COMMENTS = YES;
				CLANG_WARN_EMPTY_BODY = YES;
				CLANG_WARN_ENUM_CONVERSION = YES;
				CLANG_WARN_INFINITE_RECURSION = YES;
				CLANG_WARN_INT_CONVERSION = YES;
				CLANG_WARN_NON_LITERAL_NULL_CONVERSION = YES;
				CLANG_WARN_OBJC_IMPLICIT_RETAIN_SELF = YES;
				CLANG_WARN_OBJC_LITERAL_CONVERSION = YES;
				CLANG_WARN_OBJC_ROOT_CLASS = YES_ERROR;
				CLANG_WARN_QUOTED_INCLUDE_IN_FRAMEWORK_HEADER = YES;
				CLANG_WARN_RANGE_LOOP_ANALYSIS = YES;
				CLANG_WARN_STRICT_PROTOTYPES = YES;
				CLANG_WARN_SUSPICIOUS_MOVE = YES;
				CLANG_WARN_UNGUARDED_AVAILABILITY = YES_AGGRESSIVE;
				CLANG_WARN_UNREACHABLE_CODE = YES;
				CLANG_WARN__DUPLICATE_METHOD_MATCH = YES;
				CODE_SIGN_IDENTITY = "iPhone Developer";
				COPY_PHASE_STRIP = NO;
				DEBUG_INFORMATION_FORMAT = "dwarf-with-dsym";
				ENABLE_NS_ASSERTIONS = NO;
				ENABLE_STRICT_OBJC_MSGSEND = YES;
				GCC_C_LANGUAGE_STANDARD = gnu11;
				GCC_NO_COMMON_BLOCKS = YES;
				GCC_WARN_64_TO_32_BIT_CONVERSION = YES;
				GCC_WARN_ABOUT_RETURN_TYPE = YES_ERROR;
				GCC_WARN_UNDECLARED_SELECTOR = YES;
				GCC_WARN_UNINITIALIZED_AUTOS = YES_AGGRESSIVE;
				GCC_WARN_UNUSED_FUNCTION = YES;
				GCC_WARN_UNUSED_VARIABLE = YES;
				IPHONEOS_DEPLOYMENT_TARGET = 13.0;
				MTL_ENABLE_DEBUG_INFO = NO;
				MTL_FAST_MATH = YES;
				SDKROOT = iphoneos;
				SWIFT_COMPILATION_MODE = wholemodule;
				SWIFT_OPTIMIZATION_LEVEL = "-O";
				VALIDATE_PRODUCT = YES;
			};
			name = Release;
		};
		042FBF0B222CB17700A3569C /* Debug */ = {
			isa = XCBuildConfiguration;
			buildSettings = {
				ASSETCATALOG_COMPILER_APPICON_NAME = AppIcon;
				CODE_SIGN_STYLE = Automatic;
				DEVELOPMENT_TEAM = H5VQ968J7G;
				INFOPLIST_FILE = Card/Info.plist;
				IPHONEOS_DEPLOYMENT_TARGET = 13.0;
				LD_RUNPATH_SEARCH_PATHS = (
					"$(inherited)",
					"@executable_path/Frameworks",
				);
				PRODUCT_BUNDLE_IDENTIFIER = com.weilunsu.Card;
				PRODUCT_NAME = "$(TARGET_NAME)";
				SWIFT_VERSION = 5.0;
				TARGETED_DEVICE_FAMILY = "1,2";
			};
			name = Debug;
		};
		042FBF0C222CB17700A3569C /* Release */ = {
			isa = XCBuildConfiguration;
			buildSettings = {
				ASSETCATALOG_COMPILER_APPICON_NAME = AppIcon;
				CODE_SIGN_STYLE = Automatic;
				DEVELOPMENT_TEAM = H5VQ968J7G;
				INFOPLIST_FILE = Card/Info.plist;
				IPHONEOS_DEPLOYMENT_TARGET = 13.0;
				LD_RUNPATH_SEARCH_PATHS = (
					"$(inherited)",
					"@executable_path/Frameworks",
				);
				PRODUCT_BUNDLE_IDENTIFIER = com.weilunsu.Card;
				PRODUCT_NAME = "$(TARGET_NAME)";
				SWIFT_VERSION = 5.0;
				TARGETED_DEVICE_FAMILY = "1,2";
			};
			name = Release;
		};
		042FBF0E222CB17700A3569C /* Debug */ = {
			isa = XCBuildConfiguration;
			buildSettings = {
				ALWAYS_EMBED_SWIFT_STANDARD_LIBRARIES = YES;
				BUNDLE_LOADER = "$(TEST_HOST)";
				CODE_SIGN_STYLE = Automatic;
				DEVELOPMENT_TEAM = H5VQ968J7G;
				INFOPLIST_FILE = CardTests/Info.plist;
				LD_RUNPATH_SEARCH_PATHS = (
					"$(inherited)",
					"@executable_path/Frameworks",
					"@loader_path/Frameworks",
				);
				PRODUCT_BUNDLE_IDENTIFIER = com.weilunsu.CardTests;
				PRODUCT_NAME = "$(TARGET_NAME)";
				SWIFT_VERSION = 5.0;
				TARGETED_DEVICE_FAMILY = "1,2";
				TEST_HOST = "$(BUILT_PRODUCTS_DIR)/Card.app/Card";
			};
			name = Debug;
		};
		042FBF0F222CB17700A3569C /* Release */ = {
			isa = XCBuildConfiguration;
			buildSettings = {
				ALWAYS_EMBED_SWIFT_STANDARD_LIBRARIES = YES;
				BUNDLE_LOADER = "$(TEST_HOST)";
				CODE_SIGN_STYLE = Automatic;
				DEVELOPMENT_TEAM = H5VQ968J7G;
				INFOPLIST_FILE = CardTests/Info.plist;
				LD_RUNPATH_SEARCH_PATHS = (
					"$(inherited)",
					"@executable_path/Frameworks",
					"@loader_path/Frameworks",
				);
				PRODUCT_BUNDLE_IDENTIFIER = com.weilunsu.CardTests;
				PRODUCT_NAME = "$(TARGET_NAME)";
				SWIFT_VERSION = 5.0;
				TARGETED_DEVICE_FAMILY = "1,2";
				TEST_HOST = "$(BUILT_PRODUCTS_DIR)/Card.app/Card";
			};
			name = Release;
		};
/* End XCBuildConfiguration section */

/* Begin XCConfigurationList section */
		042FBEE8222CB17600A3569C /* Build configuration list for PBXProject "Card" */ = {
			isa = XCConfigurationList;
			buildConfigurations = (
				042FBF08222CB17700A3569C /* Debug */,
				042FBF09222CB17700A3569C /* Release */,
			);
			defaultConfigurationIsVisible = 0;
			defaultConfigurationName = Release;
		};
		042FBF0A222CB17700A3569C /* Build configuration list for PBXNativeTarget "Card" */ = {
			isa = XCConfigurationList;
			buildConfigurations = (
				042FBF0B222CB17700A3569C /* Debug */,
				042FBF0C222CB17700A3569C /* Release */,
			);
			defaultConfigurationIsVisible = 0;
			defaultConfigurationName = Release;
		};
		042FBF0D222CB17700A3569C /* Build configuration list for PBXNativeTarget "CardTests" */ = {
			isa = XCConfigurationList;
			buildConfigurations = (
				042FBF0E222CB17700A3569C /* Debug */,
				042FBF0F222CB17700A3569C /* Release */,
			);
			defaultConfigurationIsVisible = 0;
			defaultConfigurationName = Release;
		};
/* End XCConfigurationList section */
	};
	rootObject = 042FBEE5222CB17600A3569C /* Project object */;
}
